// !$*UTF8*$!
{
	archiveVersion = 1;
	classes = {
	};
	objectVersion = 55;
	objects = {

/* Begin PBXBuildFile section */
		ECB05A7028542669008059CD /* YC_HackerNewsApp.swift in Sources */ = {isa = PBXBuildFile; fileRef = ECB05A6F28542669008059CD /* YC_HackerNewsApp.swift */; };
		ECB05A7228542669008059CD /* ContentView.swift in Sources */ = {isa = PBXBuildFile; fileRef = ECB05A7128542669008059CD /* ContentView.swift */; };
		ECB05A742854266D008059CD /* Assets.xcassets in Resources */ = {isa = PBXBuildFile; fileRef = ECB05A732854266D008059CD /* Assets.xcassets */; };
		ECB05A772854266D008059CD /* Preview Assets.xcassets in Resources */ = {isa = PBXBuildFile; fileRef = ECB05A762854266D008059CD /* Preview Assets.xcassets */; };
		ECB05A7F28542A03008059CD /* NetworkManager.swift in Sources */ = {isa = PBXBuildFile; fileRef = ECB05A7E28542A03008059CD /* NetworkManager.swift */; };
		ECB05A8128542F0C008059CD /* ResultJSONStruct.swift in Sources */ = {isa = PBXBuildFile; fileRef = ECB05A8028542F0C008059CD /* ResultJSONStruct.swift */; };
		ECB05A8328543A31008059CD /* MainView.swift in Sources */ = {isa = PBXBuildFile; fileRef = ECB05A8228543A31008059CD /* MainView.swift */; };
		ECB05A87285447D3008059CD /* DetailView.swift in Sources */ = {isa = PBXBuildFile; fileRef = ECB05A86285447D3008059CD /* DetailView.swift */; };
		ECB05A8928544E00008059CD /* WebView.swift in Sources */ = {isa = PBXBuildFile; fileRef = ECB05A8828544E00008059CD /* WebView.swift */; };
/* End PBXBuildFile section */

/* Begin PBXFileReference section */
		ECB05A6C28542669008059CD /* YC HackerNews.app */ = {isa = PBXFileReference; explicitFileType = wrapper.application; includeInIndex = 0; path = "YC HackerNews.app"; sourceTree = BUILT_PRODUCTS_DIR; };
		ECB05A6F28542669008059CD /* YC_HackerNewsApp.swift */ = {isa = PBXFileReference; lastKnownFileType = sourcecode.swift; path = YC_HackerNewsApp.swift; sourceTree = "<group>"; };
		ECB05A7128542669008059CD /* ContentView.swift */ = {isa = PBXFileReference; lastKnownFileType = sourcecode.swift; path = ContentView.swift; sourceTree = "<group>"; };
		ECB05A732854266D008059CD /* Assets.xcassets */ = {isa = PBXFileReference; lastKnownFileType = folder.assetcatalog; path = Assets.xcassets; sourceTree = "<group>"; };
		ECB05A762854266D008059CD /* Preview Assets.xcassets */ = {isa = PBXFileReference; lastKnownFileType = folder.assetcatalog; path = "Preview Assets.xcassets"; sourceTree = "<group>"; };
		ECB05A7E28542A03008059CD /* NetworkManager.swift */ = {isa = PBXFileReference; lastKnownFileType = sourcecode.swift; path = NetworkManager.swift; sourceTree = "<group>"; };
		ECB05A8028542F0C008059CD /* ResultJSONStruct.swift */ = {isa = PBXFileReference; lastKnownFileType = sourcecode.swift; path = ResultJSONStruct.swift; sourceTree = "<group>"; };
		ECB05A8228543A31008059CD /* MainView.swift */ = {isa = PBXFileReference; lastKnownFileType = sourcecode.swift; path = MainView.swift; sourceTree = "<group>"; };
		ECB05A8428543CC5008059CD /* YC-HackerNews-Info.plist */ = {isa = PBXFileReference; lastKnownFileType = text.plist; path = "YC-HackerNews-Info.plist"; sourceTree = SOURCE_ROOT; };
		ECB05A86285447D3008059CD /* DetailView.swift */ = {isa = PBXFileReference; lastKnownFileType = sourcecode.swift; path = DetailView.swift; sourceTree = "<group>"; };
		ECB05A8828544E00008059CD /* WebView.swift */ = {isa = PBXFileReference; lastKnownFileType = sourcecode.swift; path = WebView.swift; sourceTree = "<group>"; };
/* End PBXFileReference section */

/* Begin PBXFrameworksBuildPhase section */
		ECB05A6928542669008059CD /* Frameworks */ = {
			isa = PBXFrameworksBuildPhase;
			buildActionMask = 2147483647;
			files = (
			);
			runOnlyForDeploymentPostprocessing = 0;
		};
/* End PBXFrameworksBuildPhase section */

/* Begin PBXGroup section */
		ECB05A6328542669008059CD = {
			isa = PBXGroup;
			children = (
				ECB05A6E28542669008059CD /* YC HackerNews */,
				ECB05A6D28542669008059CD /* Products */,
			);
			sourceTree = "<group>";
		};
		ECB05A6D28542669008059CD /* Products */ = {
			isa = PBXGroup;
			children = (
				ECB05A6C28542669008059CD /* YC HackerNews.app */,
			);
			name = Products;
			sourceTree = "<group>";
		};
		ECB05A6E28542669008059CD /* YC HackerNews */ = {
			isa = PBXGroup;
			children = (
				ECB05A852854478F008059CD /* Views */,
				ECB05A8428543CC5008059CD /* YC-HackerNews-Info.plist */,
				ECB05A7D285429ED008059CD /* Models */,
				ECB05A6F28542669008059CD /* YC_HackerNewsApp.swift */,
				ECB05A732854266D008059CD /* Assets.xcassets */,
				ECB05A752854266D008059CD /* Preview Content */,
			);
			path = "YC HackerNews";
			sourceTree = "<group>";
		};
		ECB05A752854266D008059CD /* Preview Content */ = {
			isa = PBXGroup;
			children = (
				ECB05A762854266D008059CD /* Preview Assets.xcassets */,
			);
			path = "Preview Content";
			sourceTree = "<group>";
		};
		ECB05A7D285429ED008059CD /* Models */ = {
			isa = PBXGroup;
			children = (
				ECB05A7E28542A03008059CD /* NetworkManager.swift */,
				ECB05A8028542F0C008059CD /* ResultJSONStruct.swift */,
			);
			path = Models;
			sourceTree = "<group>";
		};
		ECB05A852854478F008059CD /* Views */ = {
			isa = PBXGroup;
			children = (
				ECB05A8228543A31008059CD /* MainView.swift */,
				ECB05A7128542669008059CD /* ContentView.swift */,
				ECB05A86285447D3008059CD /* DetailView.swift */,
				ECB05A8828544E00008059CD /* WebView.swift */,
			);
			path = Views;
			sourceTree = "<group>";
		};
/* End PBXGroup section */

/* Begin PBXNativeTarget section */
		ECB05A6B28542669008059CD /* YC HackerNews */ = {
			isa = PBXNativeTarget;
			buildConfigurationList = ECB05A7A2854266D008059CD /* Build configuration list for PBXNativeTarget "YC HackerNews" */;
			buildPhases = (
				ECB05A6828542669008059CD /* Sources */,
				ECB05A6928542669008059CD /* Frameworks */,
				ECB05A6A28542669008059CD /* Resources */,
			);
			buildRules = (
			);
			dependencies = (
			);
			name = "YC HackerNews";
			productName = "YC HackerNews";
			productReference = ECB05A6C28542669008059CD /* YC HackerNews.app */;
			productType = "com.apple.product-type.application";
		};
/* End PBXNativeTarget section */

/* Begin PBXProject section */
		ECB05A6428542669008059CD /* Project object */ = {
			isa = PBXProject;
			attributes = {
				BuildIndependentTargetsInParallel = 1;
				LastSwiftUpdateCheck = 1340;
				LastUpgradeCheck = 1340;
				TargetAttributes = {
					ECB05A6B28542669008059CD = {
						CreatedOnToolsVersion = 13.4.1;
					};
				};
			};
			buildConfigurationList = ECB05A6728542669008059CD /* Build configuration list for PBXProject "YC HackerNews" */;
			compatibilityVersion = "Xcode 13.0";
			developmentRegion = en;
			hasScannedForEncodings = 0;
			knownRegions = (
				en,
				Base,
			);
			mainGroup = ECB05A6328542669008059CD;
			productRefGroup = ECB05A6D28542669008059CD /* Products */;
			projectDirPath = "";
			projectRoot = "";
			targets = (
				ECB05A6B28542669008059CD /* YC HackerNews */,
			);
		};
/* End PBXProject section */

/* Begin PBXResourcesBuildPhase section */
		ECB05A6A28542669008059CD /* Resources */ = {
			isa = PBXResourcesBuildPhase;
			buildActionMask = 2147483647;
			files = (
				ECB05A772854266D008059CD /* Preview Assets.xcassets in Resources */,
				ECB05A742854266D008059CD /* Assets.xcassets in Resources */,
			);
			runOnlyForDeploymentPostprocessing = 0;
		};
/* End PBXResourcesBuildPhase section */

/* Begin PBXSourcesBuildPhase section */
		ECB05A6828542669008059CD /* Sources */ = {
			isa = PBXSourcesBuildPhase;
			buildActionMask = 2147483647;
			files = (
				ECB05A7F28542A03008059CD /* NetworkManager.swift in Sources */,
				ECB05A87285447D3008059CD /* DetailView.swift in Sources */,
				ECB05A7228542669008059CD /* ContentView.swift in Sources */,
				ECB05A7028542669008059CD /* YC_HackerNewsApp.swift in Sources */,
				ECB05A8328543A31008059CD /* MainView.swift in Sources */,
				ECB05A8128542F0C008059CD /* ResultJSONStruct.swift in Sources */,
				ECB05A8928544E00008059CD /* WebView.swift in Sources */,
			);
			runOnlyForDeploymentPostprocessing = 0;
		};
/* End PBXSourcesBuildPhase section */

/* Begin XCBuildConfiguration section */
		ECB05A782854266D008059CD /* Debug */ = {
			isa = XCBuildConfiguration;
			buildSettings = {
				ALWAYS_SEARCH_USER_PATHS = NO;
				CLANG_ANALYZER_NONNULL = YES;
				CLANG_ANALYZER_NUMBER_OBJECT_CONVERSION = YES_AGGRESSIVE;
				CLANG_CXX_LANGUAGE_STANDARD = "gnu++17";
				CLANG_ENABLE_MODULES = YES;
				CLANG_ENABLE_OBJC_ARC = YES;
				CLANG_ENABLE_OBJC_WEAK = YES;
				CLANG_WARN_BLOCK_CAPTURE_AUTORELEASING = YES;
				CLANG_WARN_BOOL_CONVERSION = YES;
				CLANG_WARN_COMMA = YES;
				CLANG_WARN_CONSTANT_CONVERSION = YES;
				CLANG_WARN_DEPRECATED_OBJC_IMPLEMENTATIONS = YES;
				CLANG_WARN_DIRECT_OBJC_ISA_USAGE = YES_ERROR;
				CLANG_WARN_DOCUMENTATION_COMMENTS = YES;
				CLANG_WARN_EMPTY_BODY = YES;
				CLANG_WARN_ENUM_CONVERSION = YES;
				CLANG_WARN_INFINITE_RECURSION = YES;
				CLANG_WARN_INT_CONVERSION = YES;
				CLANG_WARN_NON_LITERAL_NULL_CONVERSION = YES;
				CLANG_WARN_OBJC_IMPLICIT_RETAIN_SELF = YES;
				CLANG_WARN_OBJC_LITERAL_CONVERSION = YES;
				CLANG_WARN_OBJC_ROOT_CLASS = YES_ERROR;
				CLANG_WARN_QUOTED_INCLUDE_IN_FRAMEWORK_HEADER = YES;
				CLANG_WARN_RANGE_LOOP_ANALYSIS = YES;
				CLANG_WARN_STRICT_PROTOTYPES = YES;
				CLANG_WARN_SUSPICIOUS_MOVE = YES;
				CLANG_WARN_UNGUARDED_AVAILABILITY = YES_AGGRESSIVE;
				CLANG_WARN_UNREACHABLE_CODE = YES;
				CLANG_WARN__DUPLICATE_METHOD_MATCH = YES;
				COPY_PHASE_STRIP = NO;
				DEBUG_INFORMATION_FORMAT = dwarf;
				ENABLE_STRICT_OBJC_MSGSEND = YES;
				ENABLE_TESTABILITY = YES;
				GCC_C_LANGUAGE_STANDARD = gnu11;
				GCC_DYNAMIC_NO_PIC = NO;
				GCC_NO_COMMON_BLOCKS = YES;
				GCC_OPTIMIZATION_LEVEL = 0;
				GCC_PREPROCESSOR_DEFINITIONS = (
					"DEBUG=1",
					"$(inherited)",
				);
				GCC_WARN_64_TO_32_BIT_CONVERSION = YES;
				GCC_WARN_ABOUT_RETURN_TYPE = YES_ERROR;
				GCC_WARN_UNDECLARED_SELECTOR = YES;
				GCC_WARN_UNINITIALIZED_AUTOS = YES_AGGRESSIVE;
				GCC_WARN_UNUSED_FUNCTION = YES;
				GCC_WARN_UNUSED_VARIABLE = YES;
				IPHONEOS_DEPLOYMENT_TARGET = 15.5;
				MTL_ENABLE_DEBUG_INFO = INCLUDE_SOURCE;
				MTL_FAST_MATH = YES;
				ONLY_ACTIVE_ARCH = YES;
				SDKROOT = iphoneos;
				SWIFT_ACTIVE_COMPILATION_CONDITIONS = DEBUG;
				SWIFT_OPTIMIZATION_LEVEL = "-Onone";
			};
			name = Debug;
		};
		ECB05A792854266D008059CD /* Release */ = {
			isa = XCBuildConfiguration;
			buildSettings = {
				ALWAYS_SEARCH_USER_PATHS = NO;
				CLANG_ANALYZER_NONNULL = YES;
				CLANG_ANALYZER_NUMBER_OBJECT_CONVERSION = YES_AGGRESSIVE;
				CLANG_CXX_LANGUAGE_STANDARD = "gnu++17";
				CLANG_ENABLE_MODULES = YES;
				CLANG_ENABLE_OBJC_ARC = YES;
				CLANG_ENABLE_OBJC_WEAK = YES;
				CLANG_WARN_BLOCK_CAPTURE_AUTORELEASING = YES;
				CLANG_WARN_BOOL_CONVERSION = YES;
				CLANG_WARN_COMMA = YES;
				CLANG_WARN_CONSTANT_CONVERSION = YES;
				CLANG_WARN_DEPRECATED_OBJC_IMPLEMENTATIONS = YES;
				CLANG_WARN_DIRECT_OBJC_ISA_USAGE = YES_ERROR;
				CLANG_WARN_DOCUMENTATION_COMMENTS = YES;
				CLANG_WARN_EMPTY_BODY = YES;
				CLANG_WARN_ENUM_CONVERSION = YES;
				CLANG_WARN_INFINITE_RECURSION = YES;
				CLANG_WARN_INT_CONVERSION = YES;
				CLANG_WARN_NON_LITERAL_NULL_CONVERSION = YES;
				CLANG_WARN_OBJC_IMPLICIT_RETAIN_SELF = YES;
				CLANG_WARN_OBJC_LITERAL_CONVERSION = YES;
				CLANG_WARN_OBJC_ROOT_CLASS = YES_ERROR;
				CLANG_WARN_QUOTED_INCLUDE_IN_FRAMEWORK_HEADER = YES;
				CLANG_WARN_RANGE_LOOP_ANALYSIS = YES;
				CLANG_WARN_STRICT_PROTOTYPES = YES;
				CLANG_WARN_SUSPICIOUS_MOVE = YES;
				CLANG_WARN_UNGUARDED_AVAILABILITY = YES_AGGRESSIVE;
				CLANG_WARN_UNREACHABLE_CODE = YES;
				CLANG_WARN__DUPLICATE_METHOD_MATCH = YES;
				COPY_PHASE_STRIP = NO;
				DEBUG_INFORMATION_FORMAT = "dwarf-with-dsym";
				ENABLE_NS_ASSERTIONS = NO;
				ENABLE_STRICT_OBJC_MSGSEND = YES;
				GCC_C_LANGUAGE_STANDARD = gnu11;
				GCC_NO_COMMON_BLOCKS = YES;
				GCC_WARN_64_TO_32_BIT_CONVERSION = YES;
				GCC_WARN_ABOUT_RETURN_TYPE = YES_ERROR;
				GCC_WARN_UNDECLARED_SELECTOR = YES;
				GCC_WARN_UNINITIALIZED_AUTOS = YES_AGGRESSIVE;
				GCC_WARN_UNUSED_FUNCTION = YES;
				GCC_WARN_UNUSED_VARIABLE = YES;
				IPHONEOS_DEPLOYMENT_TARGET = 15.5;
				MTL_ENABLE_DEBUG_INFO = NO;
				MTL_FAST_MATH = YES;
				SDKROOT = iphoneos;
				SWIFT_COMPILATION_MODE = wholemodule;
				SWIFT_OPTIMIZATION_LEVEL = "-O";
				VALIDATE_PRODUCT = YES;
			};
			name = Release;
		};
		ECB05A7B2854266D008059CD /* Debug */ = {
			isa = XCBuildConfiguration;
			buildSettings = {
				ASSETCATALOG_COMPILER_APPICON_NAME = AppIcon;
				ASSETCATALOG_COMPILER_GLOBAL_ACCENT_COLOR_NAME = AccentColor;
				CODE_SIGN_STYLE = Automatic;
				CURRENT_PROJECT_VERSION = 1;
				DEVELOPMENT_ASSET_PATHS = "\"YC HackerNews/Preview Content\"";
				ENABLE_PREVIEWS = YES;
				GENERATE_INFOPLIST_FILE = YES;
				INFOPLIST_FILE = "YC-HackerNews-Info.plist";
				INFOPLIST_KEY_UIApplicationSceneManifest_Generation = YES;
				INFOPLIST_KEY_UIApplicationSupportsIndirectInputEvents = YES;
				INFOPLIST_KEY_UILaunchScreen_Generation = YES;
				INFOPLIST_KEY_UISupportedInterfaceOrientations_iPad = "UIInterfaceOrientationPortrait UIInterfaceOrientationPortraitUpsideDown UIInterfaceOrientationLandscapeLeft UIInterfaceOrientationLandscapeRight";
				INFOPLIST_KEY_UISupportedInterfaceOrientations_iPhone = "UIInterfaceOrientationPortrait UIInterfaceOrientationLandscapeLeft UIInterfaceOrientationLandscapeRight";
				LD_RUNPATH_SEARCH_PATHS = (
					"$(inherited)",
					"@executable_path/Frameworks",
				);
				MARKETING_VERSION = 1.0;
				PRODUCT_BUNDLE_IDENTIFIER = "com.ugo.YC-HackerNews";
				PRODUCT_NAME = "$(TARGET_NAME)";
				SWIFT_EMIT_LOC_STRINGS = YES;
				SWIFT_VERSION = 5.0;
				TARGETED_DEVICE_FAMILY = "1,2";
			};
			name = Debug;
		};
		ECB05A7C2854266D008059CD /* Release */ = {
			isa = XCBuildConfiguration;
			buildSettings = {
				ASSETCATALOG_COMPILER_APPICON_NAME = AppIcon;
				ASSETCATALOG_COMPILER_GLOBAL_ACCENT_COLOR_NAME = AccentColor;
				CODE_SIGN_STYLE = Automatic;
				CURRENT_PROJECT_VERSION = 1;
				DEVELOPMENT_ASSET_PATHS = "\"YC HackerNews/Preview Content\"";
				ENABLE_PREVIEWS = YES;
				GENERATE_INFOPLIST_FILE = YES;
				INFOPLIST_FILE = "YC-HackerNews-Info.plist";
				INFOPLIST_KEY_UIApplicationSceneManifest_Generation = YES;
				INFOPLIST_KEY_UIApplicationSupportsIndirectInputEvents = YES;
				INFOPLIST_KEY_UILaunchScreen_Generation = YES;
				INFOPLIST_KEY_UISupportedInterfaceOrientations_iPad = "UIInterfaceOrientationPortrait UIInterfaceOrientationPortraitUpsideDown UIInterfaceOrientationLandscapeLeft UIInterfaceOrientationLandscapeRight";
				INFOPLIST_KEY_UISupportedInterfaceOrientations_iPhone = "UIInterfaceOrientationPortrait UIInterfaceOrientationLandscapeLeft UIInterfaceOrientationLandscapeRight";
				LD_RUNPATH_SEARCH_PATHS = (
					"$(inherited)",
					"@executable_path/Frameworks",
				);
				MARKETING_VERSION = 1.0;
				PRODUCT_BUNDLE_IDENTIFIER = "com.ugo.YC-HackerNews";
				PRODUCT_NAME = "$(TARGET_NAME)";
				SWIFT_EMIT_LOC_STRINGS = YES;
				SWIFT_VERSION = 5.0;
				TARGETED_DEVICE_FAMILY = "1,2";
			};
			name = Release;
		};
/* End XCBuildConfiguration section */

/* Begin XCConfigurationList section */
		ECB05A6728542669008059CD /* Build configuration list for PBXProject "YC HackerNews" */ = {
			isa = XCConfigurationList;
			buildConfigurations = (
				ECB05A782854266D008059CD /* Debug */,
				ECB05A792854266D008059CD /* Release */,
			);
			defaultConfigurationIsVisible = 0;
			defaultConfigurationName = Release;
		};
		ECB05A7A2854266D008059CD /* Build configuration list for PBXNativeTarget "YC HackerNews" */ = {
			isa = XCConfigurationList;
			buildConfigurations = (
				ECB05A7B2854266D008059CD /* Debug */,
				ECB05A7C2854266D008059CD /* Release */,
			);
			defaultConfigurationIsVisible = 0;
			defaultConfigurationName = Release;
		};
/* End XCConfigurationList section */
	};
	rootObject = ECB05A6428542669008059CD /* Project object */;
}
